
Microsoft Visual Studio Solution File, Format Version 12.00
# Visual Studio Version 17
VisualStudioVersion = 17.3.32825.248
MinimumVisualStudioVersion = 10.0.40219.1
Project("{FAE04EC0-301F-11D3-BF4B-00C04F79EFBC}") = "FocasSimple2", "FocasSimple2.csproj", "{FB38FB08-1B78-4A67-92DA-7040A44D148E}"
EndProject
Global
	GlobalSection(SolutionConfigurationPlatforms) = preSolution
		Debug|Any CPU = Debug|Any CPU
		Release|Any CPU = Release|Any CPU
	EndGlobalSection
	GlobalSection(ProjectConfigurationPlatforms) = postSolution
		{FB38FB08-1B78-4A67-92DA-7040A44D148E}.Debug|Any CPU.ActiveCfg = Debug|Any CPU
		{FB38FB08-1B78-4A67-92DA-7040A44D148E}.Debug|Any CPU.Build.0 = Debug|Any CPU
		{FB38FB08-1B78-4A67-92DA-7040A44D148E}.Release|Any CPU.ActiveCfg = Release|Any CPU
		{FB38FB08-1B78-4A67-92DA-7040A44D148E}.Release|Any CPU.Build.0 = Release|Any CPU
	EndGlobalSection
	GlobalSection(SolutionProperties) = preSolution
		HideSolutionNode = FALSE
	EndGlobalSection
	GlobalSection(ExtensibilityGlobals) = postSolution
		SolutionGuid = {E0ECF21C-87A6-45FC-B852-1F76E493DDBE}
	EndGlobalSection
EndGlobal
